// !$*UTF8*$!
{
	archiveVersion = 1;
	classes = {
	};
	objectVersion = 55;
	objects = {

/* Begin PBXBuildFile section */
		7F8B638928CB77160075C398 /* GameTrackerApp.swift in Sources */ = {isa = PBXBuildFile; fileRef = 7F8B638828CB77160075C398 /* GameTrackerApp.swift */; };
		7F8B638D28CB77170075C398 /* Assets.xcassets in Resources */ = {isa = PBXBuildFile; fileRef = 7F8B638C28CB77170075C398 /* Assets.xcassets */; };
		7F8B639028CB77170075C398 /* Preview Assets.xcassets in Resources */ = {isa = PBXBuildFile; fileRef = 7F8B638F28CB77170075C398 /* Preview Assets.xcassets */; };
		7F8B639228CB77170075C398 /* Persistence.swift in Sources */ = {isa = PBXBuildFile; fileRef = 7F8B639128CB77170075C398 /* Persistence.swift */; };
		7F8B639528CB77170075C398 /* GameTracker.xcdatamodeld in Sources */ = {isa = PBXBuildFile; fileRef = 7F8B639328CB77170075C398 /* GameTracker.xcdatamodeld */; };
		7F8B63A028CB77500075C398 /* ChosenPlayers.swift in Sources */ = {isa = PBXBuildFile; fileRef = 7F8B639C28CB77500075C398 /* ChosenPlayers.swift */; };
		7F8B63A128CB77500075C398 /* ModelData.swift in Sources */ = {isa = PBXBuildFile; fileRef = 7F8B639D28CB77500075C398 /* ModelData.swift */; };
		7F8B63A228CB77500075C398 /* ProfileData.swift in Sources */ = {isa = PBXBuildFile; fileRef = 7F8B639E28CB77500075C398 /* ProfileData.swift */; };
		7F8B63A328CB77500075C398 /* GameData.swift in Sources */ = {isa = PBXBuildFile; fileRef = 7F8B639F28CB77500075C398 /* GameData.swift */; };
		7F8B63AD28CB77870075C398 /* ColorExtensions.swift in Sources */ = {isa = PBXBuildFile; fileRef = 7F8B63A928CB77870075C398 /* ColorExtensions.swift */; };
		7F8B63AE28CB77870075C398 /* ProfileDataManagement.swift in Sources */ = {isa = PBXBuildFile; fileRef = 7F8B63AA28CB77870075C398 /* ProfileDataManagement.swift */; };
		7F8B63AF28CB77870075C398 /* CustomButton.swift in Sources */ = {isa = PBXBuildFile; fileRef = 7F8B63AB28CB77870075C398 /* CustomButton.swift */; };
		7F8B63B028CB77870075C398 /* ScreenSize.swift in Sources */ = {isa = PBXBuildFile; fileRef = 7F8B63AC28CB77870075C398 /* ScreenSize.swift */; };
		7F8B63B228CB778E0075C398 /* ViewRouter.swift in Sources */ = {isa = PBXBuildFile; fileRef = 7F8B63B128CB778E0075C398 /* ViewRouter.swift */; };
		7F8B63B428CB77950075C398 /* ContentView.swift in Sources */ = {isa = PBXBuildFile; fileRef = 7F8B63B328CB77950075C398 /* ContentView.swift */; };
		7F8B63B928CB77A50075C398 /* DiceView.swift in Sources */ = {isa = PBXBuildFile; fileRef = 7F8B63B528CB77A50075C398 /* DiceView.swift */; };
		7F8B63BA28CB77A50075C398 /* HpMenu.swift in Sources */ = {isa = PBXBuildFile; fileRef = 7F8B63B628CB77A50075C398 /* HpMenu.swift */; };
		7F8B63BB28CB77A50075C398 /* ScreenButton.swift in Sources */ = {isa = PBXBuildFile; fileRef = 7F8B63B728CB77A50075C398 /* ScreenButton.swift */; };
		7F8B63BC28CB77A50075C398 /* ChosenProfile.swift in Sources */ = {isa = PBXBuildFile; fileRef = 7F8B63B828CB77A50075C398 /* ChosenProfile.swift */; };
		7F8B63C328CB77AF0075C398 /* HpView.swift in Sources */ = {isa = PBXBuildFile; fileRef = 7F8B63BD28CB77AF0075C398 /* HpView.swift */; };
		7F8B63C428CB77AF0075C398 /* GameList.swift in Sources */ = {isa = PBXBuildFile; fileRef = 7F8B63BE28CB77AF0075C398 /* GameList.swift */; };
		7F8B63C528CB77AF0075C398 /* ProfileList.swift in Sources */ = {isa = PBXBuildFile; fileRef = 7F8B63BF28CB77AF0075C398 /* ProfileList.swift */; };
		7F8B63C628CB77AF0075C398 /* TrackerSetUp.swift in Sources */ = {isa = PBXBuildFile; fileRef = 7F8B63C028CB77AF0075C398 /* TrackerSetUp.swift */; };
		7F8B63C728CB77AF0075C398 /* MenuView.swift in Sources */ = {isa = PBXBuildFile; fileRef = 7F8B63C128CB77AF0075C398 /* MenuView.swift */; };
		7F8B63C828CB77AF0075C398 /* ProfileEdit.swift in Sources */ = {isa = PBXBuildFile; fileRef = 7F8B63C228CB77AF0075C398 /* ProfileEdit.swift */; };
		7F8B63CA28CB77BB0075C398 /* .gitignore in Resources */ = {isa = PBXBuildFile; fileRef = 7F8B63C928CB77BB0075C398 /* .gitignore */; };
/* End PBXBuildFile section */

/* Begin PBXFileReference section */
		7F8B638528CB77160075C398 /* GameTracker.app */ = {isa = PBXFileReference; explicitFileType = wrapper.application; includeInIndex = 0; path = GameTracker.app; sourceTree = BUILT_PRODUCTS_DIR; };
		7F8B638828CB77160075C398 /* GameTrackerApp.swift */ = {isa = PBXFileReference; lastKnownFileType = sourcecode.swift; path = GameTrackerApp.swift; sourceTree = "<group>"; };
		7F8B638C28CB77170075C398 /* Assets.xcassets */ = {isa = PBXFileReference; lastKnownFileType = folder.assetcatalog; path = Assets.xcassets; sourceTree = "<group>"; };
		7F8B638F28CB77170075C398 /* Preview Assets.xcassets */ = {isa = PBXFileReference; lastKnownFileType = folder.assetcatalog; path = "Preview Assets.xcassets"; sourceTree = "<group>"; };
		7F8B639128CB77170075C398 /* Persistence.swift */ = {isa = PBXFileReference; lastKnownFileType = sourcecode.swift; path = Persistence.swift; sourceTree = "<group>"; };
		7F8B639428CB77170075C398 /* GameTracker.xcdatamodel */ = {isa = PBXFileReference; lastKnownFileType = wrapper.xcdatamodel; path = GameTracker.xcdatamodel; sourceTree = "<group>"; };
		7F8B639C28CB77500075C398 /* ChosenPlayers.swift */ = {isa = PBXFileReference; fileEncoding = 4; lastKnownFileType = sourcecode.swift; path = ChosenPlayers.swift; sourceTree = "<group>"; };
		7F8B639D28CB77500075C398 /* ModelData.swift */ = {isa = PBXFileReference; fileEncoding = 4; lastKnownFileType = sourcecode.swift; path = ModelData.swift; sourceTree = "<group>"; };
		7F8B639E28CB77500075C398 /* ProfileData.swift */ = {isa = PBXFileReference; fileEncoding = 4; lastKnownFileType = sourcecode.swift; path = ProfileData.swift; sourceTree = "<group>"; };
		7F8B639F28CB77500075C398 /* GameData.swift */ = {isa = PBXFileReference; fileEncoding = 4; lastKnownFileType = sourcecode.swift; path = GameData.swift; sourceTree = "<group>"; };
		7F8B63A928CB77870075C398 /* ColorExtensions.swift */ = {isa = PBXFileReference; fileEncoding = 4; lastKnownFileType = sourcecode.swift; path = ColorExtensions.swift; sourceTree = "<group>"; };
		7F8B63AA28CB77870075C398 /* ProfileDataManagement.swift */ = {isa = PBXFileReference; fileEncoding = 4; lastKnownFileType = sourcecode.swift; path = ProfileDataManagement.swift; sourceTree = "<group>"; };
		7F8B63AB28CB77870075C398 /* CustomButton.swift */ = {isa = PBXFileReference; fileEncoding = 4; lastKnownFileType = sourcecode.swift; path = CustomButton.swift; sourceTree = "<group>"; };
		7F8B63AC28CB77870075C398 /* ScreenSize.swift */ = {isa = PBXFileReference; fileEncoding = 4; lastKnownFileType = sourcecode.swift; path = ScreenSize.swift; sourceTree = "<group>"; };
		7F8B63B128CB778E0075C398 /* ViewRouter.swift */ = {isa = PBXFileReference; fileEncoding = 4; lastKnownFileType = sourcecode.swift; path = ViewRouter.swift; sourceTree = "<group>"; };
		7F8B63B328CB77950075C398 /* ContentView.swift */ = {isa = PBXFileReference; fileEncoding = 4; lastKnownFileType = sourcecode.swift; path = ContentView.swift; sourceTree = "<group>"; };
		7F8B63B528CB77A50075C398 /* DiceView.swift */ = {isa = PBXFileReference; fileEncoding = 4; lastKnownFileType = sourcecode.swift; path = DiceView.swift; sourceTree = "<group>"; };
		7F8B63B628CB77A50075C398 /* HpMenu.swift */ = {isa = PBXFileReference; fileEncoding = 4; lastKnownFileType = sourcecode.swift; path = HpMenu.swift; sourceTree = "<group>"; };
		7F8B63B728CB77A50075C398 /* ScreenButton.swift */ = {isa = PBXFileReference; fileEncoding = 4; lastKnownFileType = sourcecode.swift; path = ScreenButton.swift; sourceTree = "<group>"; };
		7F8B63B828CB77A50075C398 /* ChosenProfile.swift */ = {isa = PBXFileReference; fileEncoding = 4; lastKnownFileType = sourcecode.swift; path = ChosenProfile.swift; sourceTree = "<group>"; };
		7F8B63BD28CB77AF0075C398 /* HpView.swift */ = {isa = PBXFileReference; fileEncoding = 4; lastKnownFileType = sourcecode.swift; path = HpView.swift; sourceTree = "<group>"; };
		7F8B63BE28CB77AF0075C398 /* GameList.swift */ = {isa = PBXFileReference; fileEncoding = 4; lastKnownFileType = sourcecode.swift; path = GameList.swift; sourceTree = "<group>"; };
		7F8B63BF28CB77AF0075C398 /* ProfileList.swift */ = {isa = PBXFileReference; fileEncoding = 4; lastKnownFileType = sourcecode.swift; path = ProfileList.swift; sourceTree = "<group>"; };
		7F8B63C028CB77AF0075C398 /* TrackerSetUp.swift */ = {isa = PBXFileReference; fileEncoding = 4; lastKnownFileType = sourcecode.swift; path = TrackerSetUp.swift; sourceTree = "<group>"; };
		7F8B63C128CB77AF0075C398 /* MenuView.swift */ = {isa = PBXFileReference; fileEncoding = 4; lastKnownFileType = sourcecode.swift; path = MenuView.swift; sourceTree = "<group>"; };
		7F8B63C228CB77AF0075C398 /* ProfileEdit.swift */ = {isa = PBXFileReference; fileEncoding = 4; lastKnownFileType = sourcecode.swift; path = ProfileEdit.swift; sourceTree = "<group>"; };
		7F8B63C928CB77BB0075C398 /* .gitignore */ = {isa = PBXFileReference; fileEncoding = 4; lastKnownFileType = text; path = .gitignore; sourceTree = "<group>"; };
/* End PBXFileReference section */

/* Begin PBXFrameworksBuildPhase section */
		7F8B638228CB77160075C398 /* Frameworks */ = {
			isa = PBXFrameworksBuildPhase;
			buildActionMask = 2147483647;
			files = (
			);
			runOnlyForDeploymentPostprocessing = 0;
		};
/* End PBXFrameworksBuildPhase section */

/* Begin PBXGroup section */
		7F8B637C28CB77150075C398 = {
			isa = PBXGroup;
			children = (
				7F8B63C928CB77BB0075C398 /* .gitignore */,
				7F8B638728CB77160075C398 /* GameTracker */,
				7F8B638628CB77160075C398 /* Products */,
			);
			sourceTree = "<group>";
		};
		7F8B638628CB77160075C398 /* Products */ = {
			isa = PBXGroup;
			children = (
				7F8B638528CB77160075C398 /* GameTracker.app */,
			);
			name = Products;
			sourceTree = "<group>";
		};
		7F8B638728CB77160075C398 /* GameTracker */ = {
			isa = PBXGroup;
			children = (
				7F8B638828CB77160075C398 /* GameTrackerApp.swift */,
				7F8B638C28CB77170075C398 /* Assets.xcassets */,
				7F8B639B28CB773E0075C398 /* Data */,
				7F8B63A428CB77590075C398 /* Extensions */,
				7F8B638E28CB77170075C398 /* Preview Content */,
				7F8B63A528CB77620075C398 /* ViewManagement */,
				7F8B63A628CB776A0075C398 /* Views */,
			);
			path = GameTracker;
			sourceTree = "<group>";
		};
		7F8B638E28CB77170075C398 /* Preview Content */ = {
			isa = PBXGroup;
			children = (
				7F8B638F28CB77170075C398 /* Preview Assets.xcassets */,
			);
			path = "Preview Content";
			sourceTree = "<group>";
		};
		7F8B639B28CB773E0075C398 /* Data */ = {
			isa = PBXGroup;
			children = (
				7F8B639C28CB77500075C398 /* ChosenPlayers.swift */,
				7F8B639F28CB77500075C398 /* GameData.swift */,
				7F8B639328CB77170075C398 /* GameTracker.xcdatamodeld */,
				7F8B639D28CB77500075C398 /* ModelData.swift */,
				7F8B639128CB77170075C398 /* Persistence.swift */,
				7F8B639E28CB77500075C398 /* ProfileData.swift */,
			);
			path = Data;
			sourceTree = "<group>";
		};
		7F8B63A428CB77590075C398 /* Extensions */ = {
			isa = PBXGroup;
			children = (
				7F8B63A928CB77870075C398 /* ColorExtensions.swift */,
				7F8B63AB28CB77870075C398 /* CustomButton.swift */,
				7F8B63AA28CB77870075C398 /* ProfileDataManagement.swift */,
				7F8B63AC28CB77870075C398 /* ScreenSize.swift */,
			);
			path = Extensions;
			sourceTree = "<group>";
		};
		7F8B63A528CB77620075C398 /* ViewManagement */ = {
			isa = PBXGroup;
			children = (
				7F8B63B128CB778E0075C398 /* ViewRouter.swift */,
			);
			path = ViewManagement;
			sourceTree = "<group>";
		};
		7F8B63A628CB776A0075C398 /* Views */ = {
			isa = PBXGroup;
			children = (
				7F8B63B328CB77950075C398 /* ContentView.swift */,
				7F8B63A828CB77780075C398 /* Pages */,
				7F8B63A728CB776F0075C398 /* CustomElements */,
			);
			path = Views;
			sourceTree = "<group>";
		};
		7F8B63A728CB776F0075C398 /* CustomElements */ = {
			isa = PBXGroup;
			children = (
				7F8B63B828CB77A50075C398 /* ChosenProfile.swift */,
				7F8B63B528CB77A50075C398 /* DiceView.swift */,
				7F8B63B628CB77A50075C398 /* HpMenu.swift */,
				7F8B63B728CB77A50075C398 /* ScreenButton.swift */,
			);
			path = CustomElements;
			sourceTree = "<group>";
		};
		7F8B63A828CB77780075C398 /* Pages */ = {
			isa = PBXGroup;
			children = (
				7F8B63BE28CB77AF0075C398 /* GameList.swift */,
				7F8B63BD28CB77AF0075C398 /* HpView.swift */,
				7F8B63C128CB77AF0075C398 /* MenuView.swift */,
				7F8B63C228CB77AF0075C398 /* ProfileEdit.swift */,
				7F8B63BF28CB77AF0075C398 /* ProfileList.swift */,
				7F8B63C028CB77AF0075C398 /* TrackerSetUp.swift */,
			);
			path = Pages;
			sourceTree = "<group>";
		};
/* End PBXGroup section */

/* Begin PBXNativeTarget section */
		7F8B638428CB77160075C398 /* GameTracker */ = {
			isa = PBXNativeTarget;
			buildConfigurationList = 7F8B639828CB77170075C398 /* Build configuration list for PBXNativeTarget "GameTracker" */;
			buildPhases = (
				7F8B638128CB77160075C398 /* Sources */,
				7F8B638228CB77160075C398 /* Frameworks */,
				7F8B638328CB77160075C398 /* Resources */,
			);
			buildRules = (
			);
			dependencies = (
			);
			name = GameTracker;
			productName = GameTracker;
			productReference = 7F8B638528CB77160075C398 /* GameTracker.app */;
			productType = "com.apple.product-type.application";
		};
/* End PBXNativeTarget section */

/* Begin PBXProject section */
		7F8B637D28CB77150075C398 /* Project object */ = {
			isa = PBXProject;
			attributes = {
				BuildIndependentTargetsInParallel = 1;
				LastSwiftUpdateCheck = 1340;
				LastUpgradeCheck = 1340;
				TargetAttributes = {
					7F8B638428CB77160075C398 = {
						CreatedOnToolsVersion = 13.4.1;
					};
				};
			};
			buildConfigurationList = 7F8B638028CB77150075C398 /* Build configuration list for PBXProject "GameTracker" */;
			compatibilityVersion = "Xcode 13.0";
			developmentRegion = en;
			hasScannedForEncodings = 0;
			knownRegions = (
				en,
				Base,
			);
			mainGroup = 7F8B637C28CB77150075C398;
			productRefGroup = 7F8B638628CB77160075C398 /* Products */;
			projectDirPath = "";
			projectRoot = "";
			targets = (
				7F8B638428CB77160075C398 /* GameTracker */,
			);
		};
/* End PBXProject section */

/* Begin PBXResourcesBuildPhase section */
		7F8B638328CB77160075C398 /* Resources */ = {
			isa = PBXResourcesBuildPhase;
			buildActionMask = 2147483647;
			files = (
				7F8B639028CB77170075C398 /* Preview Assets.xcassets in Resources */,
				7F8B63CA28CB77BB0075C398 /* .gitignore in Resources */,
				7F8B638D28CB77170075C398 /* Assets.xcassets in Resources */,
			);
			runOnlyForDeploymentPostprocessing = 0;
		};
/* End PBXResourcesBuildPhase section */

/* Begin PBXSourcesBuildPhase section */
		7F8B638128CB77160075C398 /* Sources */ = {
			isa = PBXSourcesBuildPhase;
			buildActionMask = 2147483647;
			files = (
				7F8B63C328CB77AF0075C398 /* HpView.swift in Sources */,
				7F8B639228CB77170075C398 /* Persistence.swift in Sources */,
				7F8B63B428CB77950075C398 /* ContentView.swift in Sources */,
				7F8B63AE28CB77870075C398 /* ProfileDataManagement.swift in Sources */,
				7F8B63B228CB778E0075C398 /* ViewRouter.swift in Sources */,
				7F8B63A228CB77500075C398 /* ProfileData.swift in Sources */,
				7F8B63C628CB77AF0075C398 /* TrackerSetUp.swift in Sources */,
				7F8B63C728CB77AF0075C398 /* MenuView.swift in Sources */,
				7F8B63B928CB77A50075C398 /* DiceView.swift in Sources */,
				7F8B63BC28CB77A50075C398 /* ChosenProfile.swift in Sources */,
				7F8B63C828CB77AF0075C398 /* ProfileEdit.swift in Sources */,
				7F8B63C428CB77AF0075C398 /* GameList.swift in Sources */,
				7F8B63A028CB77500075C398 /* ChosenPlayers.swift in Sources */,
				7F8B639528CB77170075C398 /* GameTracker.xcdatamodeld in Sources */,
				7F8B63B028CB77870075C398 /* ScreenSize.swift in Sources */,
				7F8B63BB28CB77A50075C398 /* ScreenButton.swift in Sources */,
				7F8B63C528CB77AF0075C398 /* ProfileList.swift in Sources */,
				7F8B63BA28CB77A50075C398 /* HpMenu.swift in Sources */,
				7F8B63AD28CB77870075C398 /* ColorExtensions.swift in Sources */,
				7F8B63AF28CB77870075C398 /* CustomButton.swift in Sources */,
				7F8B63A328CB77500075C398 /* GameData.swift in Sources */,
				7F8B638928CB77160075C398 /* GameTrackerApp.swift in Sources */,
				7F8B63A128CB77500075C398 /* ModelData.swift in Sources */,
			);
			runOnlyForDeploymentPostprocessing = 0;
		};
/* End PBXSourcesBuildPhase section */

/* Begin XCBuildConfiguration section */
		7F8B639628CB77170075C398 /* Debug */ = {
			isa = XCBuildConfiguration;
			buildSettings = {
				ALWAYS_SEARCH_USER_PATHS = NO;
				CLANG_ANALYZER_NONNULL = YES;
				CLANG_ANALYZER_NUMBER_OBJECT_CONVERSION = YES_AGGRESSIVE;
				CLANG_CXX_LANGUAGE_STANDARD = "gnu++17";
				CLANG_ENABLE_MODULES = YES;
				CLANG_ENABLE_OBJC_ARC = YES;
				CLANG_ENABLE_OBJC_WEAK = YES;
				CLANG_WARN_BLOCK_CAPTURE_AUTORELEASING = YES;
				CLANG_WARN_BOOL_CONVERSION = YES;
				CLANG_WARN_COMMA = YES;
				CLANG_WARN_CONSTANT_CONVERSION = YES;
				CLANG_WARN_DEPRECATED_OBJC_IMPLEMENTATIONS = YES;
				CLANG_WARN_DIRECT_OBJC_ISA_USAGE = YES_ERROR;
				CLANG_WARN_DOCUMENTATION_COMMENTS = YES;
				CLANG_WARN_EMPTY_BODY = YES;
				CLANG_WARN_ENUM_CONVERSION = YES;
				CLANG_WARN_INFINITE_RECURSION = YES;
				CLANG_WARN_INT_CONVERSION = YES;
				CLANG_WARN_NON_LITERAL_NULL_CONVERSION = YES;
				CLANG_WARN_OBJC_IMPLICIT_RETAIN_SELF = YES;
				CLANG_WARN_OBJC_LITERAL_CONVERSION = YES;
				CLANG_WARN_OBJC_ROOT_CLASS = YES_ERROR;
				CLANG_WARN_QUOTED_INCLUDE_IN_FRAMEWORK_HEADER = YES;
				CLANG_WARN_RANGE_LOOP_ANALYSIS = YES;
				CLANG_WARN_STRICT_PROTOTYPES = YES;
				CLANG_WARN_SUSPICIOUS_MOVE = YES;
				CLANG_WARN_UNGUARDED_AVAILABILITY = YES_AGGRESSIVE;
				CLANG_WARN_UNREACHABLE_CODE = YES;
				CLANG_WARN__DUPLICATE_METHOD_MATCH = YES;
				COPY_PHASE_STRIP = NO;
				DEBUG_INFORMATION_FORMAT = dwarf;
				ENABLE_STRICT_OBJC_MSGSEND = YES;
				ENABLE_TESTABILITY = YES;
				GCC_C_LANGUAGE_STANDARD = gnu11;
				GCC_DYNAMIC_NO_PIC = NO;
				GCC_NO_COMMON_BLOCKS = YES;
				GCC_OPTIMIZATION_LEVEL = 0;
				GCC_PREPROCESSOR_DEFINITIONS = (
					"DEBUG=1",
					"$(inherited)",
				);
				GCC_WARN_64_TO_32_BIT_CONVERSION = YES;
				GCC_WARN_ABOUT_RETURN_TYPE = YES_ERROR;
				GCC_WARN_UNDECLARED_SELECTOR = YES;
				GCC_WARN_UNINITIALIZED_AUTOS = YES_AGGRESSIVE;
				GCC_WARN_UNUSED_FUNCTION = YES;
				GCC_WARN_UNUSED_VARIABLE = YES;
				IPHONEOS_DEPLOYMENT_TARGET = 15.5;
				MTL_ENABLE_DEBUG_INFO = INCLUDE_SOURCE;
				MTL_FAST_MATH = YES;
				ONLY_ACTIVE_ARCH = YES;
				SDKROOT = iphoneos;
				SWIFT_ACTIVE_COMPILATION_CONDITIONS = DEBUG;
				SWIFT_OPTIMIZATION_LEVEL = "-Onone";
			};
			name = Debug;
		};
		7F8B639728CB77170075C398 /* Release */ = {
			isa = XCBuildConfiguration;
			buildSettings = {
				ALWAYS_SEARCH_USER_PATHS = NO;
				CLANG_ANALYZER_NONNULL = YES;
				CLANG_ANALYZER_NUMBER_OBJECT_CONVERSION = YES_AGGRESSIVE;
				CLANG_CXX_LANGUAGE_STANDARD = "gnu++17";
				CLANG_ENABLE_MODULES = YES;
				CLANG_ENABLE_OBJC_ARC = YES;
				CLANG_ENABLE_OBJC_WEAK = YES;
				CLANG_WARN_BLOCK_CAPTURE_AUTORELEASING = YES;
				CLANG_WARN_BOOL_CONVERSION = YES;
				CLANG_WARN_COMMA = YES;
				CLANG_WARN_CONSTANT_CONVERSION = YES;
				CLANG_WARN_DEPRECATED_OBJC_IMPLEMENTATIONS = YES;
				CLANG_WARN_DIRECT_OBJC_ISA_USAGE = YES_ERROR;
				CLANG_WARN_DOCUMENTATION_COMMENTS = YES;
				CLANG_WARN_EMPTY_BODY = YES;
				CLANG_WARN_ENUM_CONVERSION = YES;
				CLANG_WARN_INFINITE_RECURSION = YES;
				CLANG_WARN_INT_CONVERSION = YES;
				CLANG_WARN_NON_LITERAL_NULL_CONVERSION = YES;
				CLANG_WARN_OBJC_IMPLICIT_RETAIN_SELF = YES;
				CLANG_WARN_OBJC_LITERAL_CONVERSION = YES;
				CLANG_WARN_OBJC_ROOT_CLASS = YES_ERROR;
				CLANG_WARN_QUOTED_INCLUDE_IN_FRAMEWORK_HEADER = YES;
				CLANG_WARN_RANGE_LOOP_ANALYSIS = YES;
				CLANG_WARN_STRICT_PROTOTYPES = YES;
				CLANG_WARN_SUSPICIOUS_MOVE = YES;
				CLANG_WARN_UNGUARDED_AVAILABILITY = YES_AGGRESSIVE;
				CLANG_WARN_UNREACHABLE_CODE = YES;
				CLANG_WARN__DUPLICATE_METHOD_MATCH = YES;
				COPY_PHASE_STRIP = NO;
				DEBUG_INFORMATION_FORMAT = "dwarf-with-dsym";
				ENABLE_NS_ASSERTIONS = NO;
				ENABLE_STRICT_OBJC_MSGSEND = YES;
				GCC_C_LANGUAGE_STANDARD = gnu11;
				GCC_NO_COMMON_BLOCKS = YES;
				GCC_WARN_64_TO_32_BIT_CONVERSION = YES;
				GCC_WARN_ABOUT_RETURN_TYPE = YES_ERROR;
				GCC_WARN_UNDECLARED_SELECTOR = YES;
				GCC_WARN_UNINITIALIZED_AUTOS = YES_AGGRESSIVE;
				GCC_WARN_UNUSED_FUNCTION = YES;
				GCC_WARN_UNUSED_VARIABLE = YES;
				IPHONEOS_DEPLOYMENT_TARGET = 15.5;
				MTL_ENABLE_DEBUG_INFO = NO;
				MTL_FAST_MATH = YES;
				SDKROOT = iphoneos;
				SWIFT_COMPILATION_MODE = wholemodule;
				SWIFT_OPTIMIZATION_LEVEL = "-O";
				VALIDATE_PRODUCT = YES;
			};
			name = Release;
		};
		7F8B639928CB77170075C398 /* Debug */ = {
			isa = XCBuildConfiguration;
			buildSettings = {
				ASSETCATALOG_COMPILER_APPICON_NAME = AppIcon;
				ASSETCATALOG_COMPILER_GLOBAL_ACCENT_COLOR_NAME = AccentColor;
				CODE_SIGN_STYLE = Automatic;
				CURRENT_PROJECT_VERSION = 1;
				DEVELOPMENT_ASSET_PATHS = "\"GameTracker/Preview Content\"";
				DEVELOPMENT_TEAM = WJ98LV64RN;
				ENABLE_PREVIEWS = YES;
				GENERATE_INFOPLIST_FILE = YES;
				INFOPLIST_KEY_UIApplicationSceneManifest_Generation = YES;
				INFOPLIST_KEY_UIApplicationSupportsIndirectInputEvents = YES;
				INFOPLIST_KEY_UILaunchScreen_Generation = YES;
				INFOPLIST_KEY_UISupportedInterfaceOrientations_iPad = "UIInterfaceOrientationPortrait UIInterfaceOrientationPortraitUpsideDown UIInterfaceOrientationLandscapeLeft UIInterfaceOrientationLandscapeRight";
				INFOPLIST_KEY_UISupportedInterfaceOrientations_iPhone = "UIInterfaceOrientationPortrait UIInterfaceOrientationLandscapeLeft UIInterfaceOrientationLandscapeRight";
				LD_RUNPATH_SEARCH_PATHS = (
					"$(inherited)",
					"@executable_path/Frameworks",
				);
				MARKETING_VERSION = 1.0;
				PRODUCT_BUNDLE_IDENTIFIER = com.piritaminkkinen.GameTracker;
				PRODUCT_NAME = "$(TARGET_NAME)";
				SWIFT_EMIT_LOC_STRINGS = YES;
				SWIFT_VERSION = 5.0;
				TARGETED_DEVICE_FAMILY = "1,2";
			};
			name = Debug;
		};
		7F8B639A28CB77170075C398 /* Release */ = {
			isa = XCBuildConfiguration;
			buildSettings = {
				ASSETCATALOG_COMPILER_APPICON_NAME = AppIcon;
				ASSETCATALOG_COMPILER_GLOBAL_ACCENT_COLOR_NAME = AccentColor;
				CODE_SIGN_STYLE = Automatic;
				CURRENT_PROJECT_VERSION = 1;
				DEVELOPMENT_ASSET_PATHS = "\"GameTracker/Preview Content\"";
				DEVELOPMENT_TEAM = WJ98LV64RN;
				ENABLE_PREVIEWS = YES;
				GENERATE_INFOPLIST_FILE = YES;
				INFOPLIST_KEY_UIApplicationSceneManifest_Generation = YES;
				INFOPLIST_KEY_UIApplicationSupportsIndirectInputEvents = YES;
				INFOPLIST_KEY_UILaunchScreen_Generation = YES;
				INFOPLIST_KEY_UISupportedInterfaceOrientations_iPad = "UIInterfaceOrientationPortrait UIInterfaceOrientationPortraitUpsideDown UIInterfaceOrientationLandscapeLeft UIInterfaceOrientationLandscapeRight";
				INFOPLIST_KEY_UISupportedInterfaceOrientations_iPhone = "UIInterfaceOrientationPortrait UIInterfaceOrientationLandscapeLeft UIInterfaceOrientationLandscapeRight";
				LD_RUNPATH_SEARCH_PATHS = (
					"$(inherited)",
					"@executable_path/Frameworks",
				);
				MARKETING_VERSION = 1.0;
				PRODUCT_BUNDLE_IDENTIFIER = com.piritaminkkinen.GameTracker;
				PRODUCT_NAME = "$(TARGET_NAME)";
				SWIFT_EMIT_LOC_STRINGS = YES;
				SWIFT_VERSION = 5.0;
				TARGETED_DEVICE_FAMILY = "1,2";
			};
			name = Release;
		};
/* End XCBuildConfiguration section */

/* Begin XCConfigurationList section */
		7F8B638028CB77150075C398 /* Build configuration list for PBXProject "GameTracker" */ = {
			isa = XCConfigurationList;
			buildConfigurations = (
				7F8B639628CB77170075C398 /* Debug */,
				7F8B639728CB77170075C398 /* Release */,
			);
			defaultConfigurationIsVisible = 0;
			defaultConfigurationName = Release;
		};
		7F8B639828CB77170075C398 /* Build configuration list for PBXNativeTarget "GameTracker" */ = {
			isa = XCConfigurationList;
			buildConfigurations = (
				7F8B639928CB77170075C398 /* Debug */,
				7F8B639A28CB77170075C398 /* Release */,
			);
			defaultConfigurationIsVisible = 0;
			defaultConfigurationName = Release;
		};
/* End XCConfigurationList section */

/* Begin XCVersionGroup section */
		7F8B639328CB77170075C398 /* GameTracker.xcdatamodeld */ = {
			isa = XCVersionGroup;
			children = (
				7F8B639428CB77170075C398 /* GameTracker.xcdatamodel */,
			);
			currentVersion = 7F8B639428CB77170075C398 /* GameTracker.xcdatamodel */;
			path = GameTracker.xcdatamodeld;
			sourceTree = "<group>";
			versionGroupType = wrapper.xcdatamodel;
		};
/* End XCVersionGroup section */
	};
	rootObject = 7F8B637D28CB77150075C398 /* Project object */;
}
