// !$*UTF8*$!
{
	archiveVersion = 1;
	classes = {
	};
	objectVersion = 55;
	objects = {

/* Begin PBXBuildFile section */
		7F0A6ED52875CF0700E3B57A /* MTGTrackerApp.swift in Sources */ = {isa = PBXBuildFile; fileRef = 7F0A6ED42875CF0700E3B57A /* MTGTrackerApp.swift */; };
		7F0A6ED72875CF0700E3B57A /* ContentView.swift in Sources */ = {isa = PBXBuildFile; fileRef = 7F0A6ED62875CF0700E3B57A /* ContentView.swift */; };
		7F0A6ED92875CF0900E3B57A /* Assets.xcassets in Resources */ = {isa = PBXBuildFile; fileRef = 7F0A6ED82875CF0900E3B57A /* Assets.xcassets */; };
		7F0A6EDC2875CF0900E3B57A /* Preview Assets.xcassets in Resources */ = {isa = PBXBuildFile; fileRef = 7F0A6EDB2875CF0900E3B57A /* Preview Assets.xcassets */; };
		7F0A6EE42875CF3700E3B57A /* ScreenButton.swift in Sources */ = {isa = PBXBuildFile; fileRef = 7F0A6EE32875CF3700E3B57A /* ScreenButton.swift */; };
		7F0F850528981FBA002FEC34 /* HpView.swift in Sources */ = {isa = PBXBuildFile; fileRef = 7F0F850428981FBA002FEC34 /* HpView.swift */; };
		7F0F850728982026002FEC34 /* ViewRouter.swift in Sources */ = {isa = PBXBuildFile; fileRef = 7F0F850628982026002FEC34 /* ViewRouter.swift */; };
		7F6C7ABC28BCF7D900E5F872 /* hikeData.json in Resources */ = {isa = PBXBuildFile; fileRef = 7F6C7ABA28BCF7D900E5F872 /* hikeData.json */; };
		7F6C7ABD28BCF7D900E5F872 /* landmarkData.json in Resources */ = {isa = PBXBuildFile; fileRef = 7F6C7ABB28BCF7D900E5F872 /* landmarkData.json */; };
		7F6C7AC628BCFF6C00E5F872 /* profileData.json in Resources */ = {isa = PBXBuildFile; fileRef = 7F6C7AC528BCFF6C00E5F872 /* profileData.json */; };
		7F73A77128A2AF6D009C5E60 /* ProfileData.swift in Sources */ = {isa = PBXBuildFile; fileRef = 7F73A77028A2AF6D009C5E60 /* ProfileData.swift */; };
		7F7BDA5D28B630370077248E /* GameData.swift in Sources */ = {isa = PBXBuildFile; fileRef = 7F7BDA5C28B630370077248E /* GameData.swift */; };
		7F8732A628A1436800B74233 /* DiceView.swift in Sources */ = {isa = PBXBuildFile; fileRef = 7F8732A528A1436800B74233 /* DiceView.swift */; };
		7F87C70828B4E6A200AD58B6 /* ScreenSize.swift in Sources */ = {isa = PBXBuildFile; fileRef = 7F87C70728B4E6A200AD58B6 /* ScreenSize.swift */; };
		7F87C70A28B4FC1600AD58B6 /* HpMenu.swift in Sources */ = {isa = PBXBuildFile; fileRef = 7F87C70928B4FC1600AD58B6 /* HpMenu.swift */; };
		7F87C70C28B51C1E00AD58B6 /* ColorExtensions.swift in Sources */ = {isa = PBXBuildFile; fileRef = 7F87C70B28B51C1E00AD58B6 /* ColorExtensions.swift */; };
		7F93CFD528BE215400AD9C44 /* ProfileList.swift in Sources */ = {isa = PBXBuildFile; fileRef = 7F93CFD428BE215400AD9C44 /* ProfileList.swift */; };
		7F93CFD728BE360400AD9C44 /* ProfileEdit.swift in Sources */ = {isa = PBXBuildFile; fileRef = 7F93CFD628BE360400AD9C44 /* ProfileEdit.swift */; };
		7F93CFD928BE5DA600AD9C44 /* ChosenProfile.swift in Sources */ = {isa = PBXBuildFile; fileRef = 7F93CFD828BE5DA600AD9C44 /* ChosenProfile.swift */; };
		7F99E46128C0C03C00979D43 /* DataManagement.swift in Sources */ = {isa = PBXBuildFile; fileRef = 7F99E46028C0C03C00979D43 /* DataManagement.swift */; };
		7F99E46328C0F0D000979D43 /* GameList.swift in Sources */ = {isa = PBXBuildFile; fileRef = 7F99E46228C0F0D000979D43 /* GameList.swift */; };
		7F9A254F288E97680026E3EB /* .gitignore in Resources */ = {isa = PBXBuildFile; fileRef = 7F9A254E288E97680026E3EB /* .gitignore */; };
		7F9A2551288EA2AF0026E3EB /* MenuView.swift in Sources */ = {isa = PBXBuildFile; fileRef = 7F9A2550288EA2AF0026E3EB /* MenuView.swift */; };
		7F9A2555288EA4200026E3EB /* TrackerSetUp.swift in Sources */ = {isa = PBXBuildFile; fileRef = 7F9A2554288EA4200026E3EB /* TrackerSetUp.swift */; };
		7F9A255C288EFAC20026E3EB /* ModelData.swift in Sources */ = {isa = PBXBuildFile; fileRef = 7F9A255B288EFAC20026E3EB /* ModelData.swift */; };
		7F9A4DFF28BF8C3000717840 /* ChosenPlayers.swift in Sources */ = {isa = PBXBuildFile; fileRef = 7F9A4DFE28BF8C3000717840 /* ChosenPlayers.swift */; };
		7FA74C7228B3CDF000851412 /* CustomButton.swift in Sources */ = {isa = PBXBuildFile; fileRef = 7FA74C7128B3CDF000851412 /* CustomButton.swift */; };
/* End PBXBuildFile section */

/* Begin PBXFileReference section */
		7F0A6ED12875CF0700E3B57A /* MTGTracker.app */ = {isa = PBXFileReference; explicitFileType = wrapper.application; includeInIndex = 0; path = MTGTracker.app; sourceTree = BUILT_PRODUCTS_DIR; };
		7F0A6ED42875CF0700E3B57A /* MTGTrackerApp.swift */ = {isa = PBXFileReference; lastKnownFileType = sourcecode.swift; path = MTGTrackerApp.swift; sourceTree = "<group>"; };
		7F0A6ED62875CF0700E3B57A /* ContentView.swift */ = {isa = PBXFileReference; lastKnownFileType = sourcecode.swift; path = ContentView.swift; sourceTree = "<group>"; };
		7F0A6ED82875CF0900E3B57A /* Assets.xcassets */ = {isa = PBXFileReference; lastKnownFileType = folder.assetcatalog; path = Assets.xcassets; sourceTree = "<group>"; };
		7F0A6EDB2875CF0900E3B57A /* Preview Assets.xcassets */ = {isa = PBXFileReference; lastKnownFileType = folder.assetcatalog; path = "Preview Assets.xcassets"; sourceTree = "<group>"; };
		7F0A6EE32875CF3700E3B57A /* ScreenButton.swift */ = {isa = PBXFileReference; lastKnownFileType = sourcecode.swift; path = ScreenButton.swift; sourceTree = "<group>"; };
		7F0F850428981FBA002FEC34 /* HpView.swift */ = {isa = PBXFileReference; lastKnownFileType = sourcecode.swift; path = HpView.swift; sourceTree = "<group>"; };
		7F0F850628982026002FEC34 /* ViewRouter.swift */ = {isa = PBXFileReference; lastKnownFileType = sourcecode.swift; path = ViewRouter.swift; sourceTree = "<group>"; };
		7F6C7ABA28BCF7D900E5F872 /* hikeData.json */ = {isa = PBXFileReference; fileEncoding = 4; lastKnownFileType = text.json; path = hikeData.json; sourceTree = "<group>"; };
		7F6C7ABB28BCF7D900E5F872 /* landmarkData.json */ = {isa = PBXFileReference; fileEncoding = 4; lastKnownFileType = text.json; path = landmarkData.json; sourceTree = "<group>"; };
		7F6C7AC528BCFF6C00E5F872 /* profileData.json */ = {isa = PBXFileReference; lastKnownFileType = text.json; path = profileData.json; sourceTree = "<group>"; };
		7F73A77028A2AF6D009C5E60 /* ProfileData.swift */ = {isa = PBXFileReference; lastKnownFileType = sourcecode.swift; path = ProfileData.swift; sourceTree = "<group>"; };
		7F7BDA5C28B630370077248E /* GameData.swift */ = {isa = PBXFileReference; lastKnownFileType = sourcecode.swift; path = GameData.swift; sourceTree = "<group>"; };
		7F8732A528A1436800B74233 /* DiceView.swift */ = {isa = PBXFileReference; lastKnownFileType = sourcecode.swift; path = DiceView.swift; sourceTree = "<group>"; };
		7F87C70728B4E6A200AD58B6 /* ScreenSize.swift */ = {isa = PBXFileReference; lastKnownFileType = sourcecode.swift; path = ScreenSize.swift; sourceTree = "<group>"; };
		7F87C70928B4FC1600AD58B6 /* HpMenu.swift */ = {isa = PBXFileReference; lastKnownFileType = sourcecode.swift; path = HpMenu.swift; sourceTree = "<group>"; };
		7F87C70B28B51C1E00AD58B6 /* ColorExtensions.swift */ = {isa = PBXFileReference; lastKnownFileType = sourcecode.swift; path = ColorExtensions.swift; sourceTree = "<group>"; };
		7F93CFD428BE215400AD9C44 /* ProfileList.swift */ = {isa = PBXFileReference; lastKnownFileType = sourcecode.swift; path = ProfileList.swift; sourceTree = "<group>"; };
		7F93CFD628BE360400AD9C44 /* ProfileEdit.swift */ = {isa = PBXFileReference; lastKnownFileType = sourcecode.swift; path = ProfileEdit.swift; sourceTree = "<group>"; };
		7F93CFD828BE5DA600AD9C44 /* ChosenProfile.swift */ = {isa = PBXFileReference; lastKnownFileType = sourcecode.swift; path = ChosenProfile.swift; sourceTree = "<group>"; };
		7F99E46028C0C03C00979D43 /* DataManagement.swift */ = {isa = PBXFileReference; lastKnownFileType = sourcecode.swift; path = DataManagement.swift; sourceTree = "<group>"; };
		7F99E46228C0F0D000979D43 /* GameList.swift */ = {isa = PBXFileReference; lastKnownFileType = sourcecode.swift; path = GameList.swift; sourceTree = "<group>"; };
		7F9A254E288E97680026E3EB /* .gitignore */ = {isa = PBXFileReference; lastKnownFileType = text; path = .gitignore; sourceTree = "<group>"; };
		7F9A2550288EA2AF0026E3EB /* MenuView.swift */ = {isa = PBXFileReference; lastKnownFileType = sourcecode.swift; path = MenuView.swift; sourceTree = "<group>"; };
		7F9A2554288EA4200026E3EB /* TrackerSetUp.swift */ = {isa = PBXFileReference; lastKnownFileType = sourcecode.swift; path = TrackerSetUp.swift; sourceTree = "<group>"; };
		7F9A255B288EFAC20026E3EB /* ModelData.swift */ = {isa = PBXFileReference; lastKnownFileType = sourcecode.swift; path = ModelData.swift; sourceTree = "<group>"; wrapsLines = 0; };
		7F9A4DFE28BF8C3000717840 /* ChosenPlayers.swift */ = {isa = PBXFileReference; lastKnownFileType = sourcecode.swift; path = ChosenPlayers.swift; sourceTree = "<group>"; };
		7FA74C7128B3CDF000851412 /* CustomButton.swift */ = {isa = PBXFileReference; lastKnownFileType = sourcecode.swift; path = CustomButton.swift; sourceTree = "<group>"; };
/* End PBXFileReference section */

/* Begin PBXFrameworksBuildPhase section */
		7F0A6ECE2875CF0700E3B57A /* Frameworks */ = {
			isa = PBXFrameworksBuildPhase;
			buildActionMask = 2147483647;
			files = (
			);
			runOnlyForDeploymentPostprocessing = 0;
		};
/* End PBXFrameworksBuildPhase section */

/* Begin PBXGroup section */
		7F0A6EC82875CF0700E3B57A = {
			isa = PBXGroup;
			children = (
				7F9A254E288E97680026E3EB /* .gitignore */,
				7F0A6ED32875CF0700E3B57A /* MTGTracker */,
				7F0A6ED22875CF0700E3B57A /* Products */,
			);
			sourceTree = "<group>";
		};
		7F0A6ED22875CF0700E3B57A /* Products */ = {
			isa = PBXGroup;
			children = (
				7F0A6ED12875CF0700E3B57A /* MTGTracker.app */,
			);
			name = Products;
			sourceTree = "<group>";
		};
		7F0A6ED32875CF0700E3B57A /* MTGTracker */ = {
			isa = PBXGroup;
			children = (
				7F0A6EDA2875CF0900E3B57A /* Preview Content */,
				7F0A6ED42875CF0700E3B57A /* MTGTrackerApp.swift */,
				7F0A6ED82875CF0900E3B57A /* Assets.xcassets */,
				7F73A76F28A2AF50009C5E60 /* Data */,
				7F87C70628B4E67C00AD58B6 /* Extensions */,
				7F6C7AB928BCF7D900E5F872 /* Resources */,
				7F0F850A289823B0002FEC34 /* ViewManagement */,
				7F0A6EE22875CF1E00E3B57A /* Views */,
			);
			path = MTGTracker;
			sourceTree = "<group>";
		};
		7F0A6EDA2875CF0900E3B57A /* Preview Content */ = {
			isa = PBXGroup;
			children = (
				7F0A6EDB2875CF0900E3B57A /* Preview Assets.xcassets */,
			);
			path = "Preview Content";
			sourceTree = "<group>";
		};
		7F0A6EE22875CF1E00E3B57A /* Views */ = {
			isa = PBXGroup;
			children = (
				7F0A6ED62875CF0700E3B57A /* ContentView.swift */,
				7F0F850B289823DB002FEC34 /* CustomElements */,
				7F0F850C289823F3002FEC34 /* Pages */,
			);
			path = Views;
			sourceTree = "<group>";
		};
		7F0F850A289823B0002FEC34 /* ViewManagement */ = {
			isa = PBXGroup;
			children = (
				7F0F850628982026002FEC34 /* ViewRouter.swift */,
			);
			path = ViewManagement;
			sourceTree = "<group>";
		};
		7F0F850B289823DB002FEC34 /* CustomElements */ = {
			isa = PBXGroup;
			children = (
				7F8732A528A1436800B74233 /* DiceView.swift */,
				7F87C70928B4FC1600AD58B6 /* HpMenu.swift */,
				7F0A6EE32875CF3700E3B57A /* ScreenButton.swift */,
				7F93CFD828BE5DA600AD9C44 /* ChosenProfile.swift */,
			);
			path = CustomElements;
			sourceTree = "<group>";
		};
		7F0F850C289823F3002FEC34 /* Pages */ = {
			isa = PBXGroup;
			children = (
				7F0F850428981FBA002FEC34 /* HpView.swift */,
				7F9A2550288EA2AF0026E3EB /* MenuView.swift */,
				7F93CFD628BE360400AD9C44 /* ProfileEdit.swift */,
				7F93CFD428BE215400AD9C44 /* ProfileList.swift */,
				7F9A2554288EA4200026E3EB /* TrackerSetUp.swift */,
				7F99E46228C0F0D000979D43 /* GameList.swift */,
			);
			path = Pages;
			sourceTree = "<group>";
		};
		7F6C7AB928BCF7D900E5F872 /* Resources */ = {
			isa = PBXGroup;
			children = (
				7F6C7ABA28BCF7D900E5F872 /* hikeData.json */,
				7F6C7ABB28BCF7D900E5F872 /* landmarkData.json */,
				7F6C7AC528BCFF6C00E5F872 /* profileData.json */,
			);
			path = Resources;
			sourceTree = "<group>";
		};
		7F73A76F28A2AF50009C5E60 /* Data */ = {
			isa = PBXGroup;
			children = (
				7F9A4DFE28BF8C3000717840 /* ChosenPlayers.swift */,
				7F9A255B288EFAC20026E3EB /* ModelData.swift */,
				7F73A77028A2AF6D009C5E60 /* ProfileData.swift */,
				7F7BDA5C28B630370077248E /* GameData.swift */,
				7F99E46028C0C03C00979D43 /* DataManagement.swift */,
			);
			path = Data;
			sourceTree = "<group>";
		};
		7F87C70628B4E67C00AD58B6 /* Extensions */ = {
			isa = PBXGroup;
			children = (
				7FA74C7128B3CDF000851412 /* CustomButton.swift */,
				7F87C70728B4E6A200AD58B6 /* ScreenSize.swift */,
				7F87C70B28B51C1E00AD58B6 /* ColorExtensions.swift */,
			);
			path = Extensions;
			sourceTree = "<group>";
		};
/* End PBXGroup section */

/* Begin PBXNativeTarget section */
		7F0A6ED02875CF0700E3B57A /* MTGTracker */ = {
			isa = PBXNativeTarget;
			buildConfigurationList = 7F0A6EDF2875CF0900E3B57A /* Build configuration list for PBXNativeTarget "MTGTracker" */;
			buildPhases = (
				7F0A6ECD2875CF0700E3B57A /* Sources */,
				7F0A6ECE2875CF0700E3B57A /* Frameworks */,
				7F0A6ECF2875CF0700E3B57A /* Resources */,
			);
			buildRules = (
			);
			dependencies = (
			);
			name = MTGTracker;
			packageProductDependencies = (
			);
			productName = MTGTracker;
			productReference = 7F0A6ED12875CF0700E3B57A /* MTGTracker.app */;
			productType = "com.apple.product-type.application";
		};
/* End PBXNativeTarget section */

/* Begin PBXProject section */
		7F0A6EC92875CF0700E3B57A /* Project object */ = {
			isa = PBXProject;
			attributes = {
				BuildIndependentTargetsInParallel = 1;
				LastSwiftUpdateCheck = 1340;
				LastUpgradeCheck = 1340;
				TargetAttributes = {
					7F0A6ED02875CF0700E3B57A = {
						CreatedOnToolsVersion = 13.4.1;
					};
				};
			};
			buildConfigurationList = 7F0A6ECC2875CF0700E3B57A /* Build configuration list for PBXProject "MTGTracker" */;
			compatibilityVersion = "Xcode 13.0";
			developmentRegion = en;
			hasScannedForEncodings = 0;
			knownRegions = (
				en,
				Base,
			);
			mainGroup = 7F0A6EC82875CF0700E3B57A;
			packageReferences = (
			);
			productRefGroup = 7F0A6ED22875CF0700E3B57A /* Products */;
			projectDirPath = "";
			projectRoot = "";
			targets = (
				7F0A6ED02875CF0700E3B57A /* MTGTracker */,
			);
		};
/* End PBXProject section */

/* Begin PBXResourcesBuildPhase section */
		7F0A6ECF2875CF0700E3B57A /* Resources */ = {
			isa = PBXResourcesBuildPhase;
			buildActionMask = 2147483647;
			files = (
				7F6C7ABC28BCF7D900E5F872 /* hikeData.json in Resources */,
				7F0A6EDC2875CF0900E3B57A /* Preview Assets.xcassets in Resources */,
				7F9A254F288E97680026E3EB /* .gitignore in Resources */,
				7F6C7AC628BCFF6C00E5F872 /* profileData.json in Resources */,
				7F6C7ABD28BCF7D900E5F872 /* landmarkData.json in Resources */,
				7F0A6ED92875CF0900E3B57A /* Assets.xcassets in Resources */,
			);
			runOnlyForDeploymentPostprocessing = 0;
		};
/* End PBXResourcesBuildPhase section */

/* Begin PBXSourcesBuildPhase section */
		7F0A6ECD2875CF0700E3B57A /* Sources */ = {
			isa = PBXSourcesBuildPhase;
			buildActionMask = 2147483647;
			files = (
				7FA74C7228B3CDF000851412 /* CustomButton.swift in Sources */,
				7F73A77128A2AF6D009C5E60 /* ProfileData.swift in Sources */,
				7F0F850728982026002FEC34 /* ViewRouter.swift in Sources */,
				7F9A2555288EA4200026E3EB /* TrackerSetUp.swift in Sources */,
				7F9A255C288EFAC20026E3EB /* ModelData.swift in Sources */,
				7F87C70C28B51C1E00AD58B6 /* ColorExtensions.swift in Sources */,
				7F9A2551288EA2AF0026E3EB /* MenuView.swift in Sources */,
				7F0F850528981FBA002FEC34 /* HpView.swift in Sources */,
				7F87C70828B4E6A200AD58B6 /* ScreenSize.swift in Sources */,
				7F0A6ED72875CF0700E3B57A /* ContentView.swift in Sources */,
				7F99E46128C0C03C00979D43 /* DataManagement.swift in Sources */,
				7F9A4DFF28BF8C3000717840 /* ChosenPlayers.swift in Sources */,
				7F93CFD928BE5DA600AD9C44 /* ChosenProfile.swift in Sources */,
				7F8732A628A1436800B74233 /* DiceView.swift in Sources */,
				7F7BDA5D28B630370077248E /* GameData.swift in Sources */,
				7F87C70A28B4FC1600AD58B6 /* HpMenu.swift in Sources */,
				7F0A6EE42875CF3700E3B57A /* ScreenButton.swift in Sources */,
				7F93CFD528BE215400AD9C44 /* ProfileList.swift in Sources */,
				7F0A6ED52875CF0700E3B57A /* MTGTrackerApp.swift in Sources */,
				7F99E46328C0F0D000979D43 /* GameList.swift in Sources */,
				7F93CFD728BE360400AD9C44 /* ProfileEdit.swift in Sources */,
			);
			runOnlyForDeploymentPostprocessing = 0;
		};
/* End PBXSourcesBuildPhase section */

/* Begin XCBuildConfiguration section */
		7F0A6EDD2875CF0900E3B57A /* Debug */ = {
			isa = XCBuildConfiguration;
			buildSettings = {
				ALWAYS_SEARCH_USER_PATHS = NO;
				CLANG_ANALYZER_NONNULL = YES;
				CLANG_ANALYZER_NUMBER_OBJECT_CONVERSION = YES_AGGRESSIVE;
				CLANG_CXX_LANGUAGE_STANDARD = "gnu++17";
				CLANG_ENABLE_MODULES = YES;
				CLANG_ENABLE_OBJC_ARC = YES;
				CLANG_ENABLE_OBJC_WEAK = YES;
				CLANG_WARN_BLOCK_CAPTURE_AUTORELEASING = YES;
				CLANG_WARN_BOOL_CONVERSION = YES;
				CLANG_WARN_COMMA = YES;
				CLANG_WARN_CONSTANT_CONVERSION = YES;
				CLANG_WARN_DEPRECATED_OBJC_IMPLEMENTATIONS = YES;
				CLANG_WARN_DIRECT_OBJC_ISA_USAGE = YES_ERROR;
				CLANG_WARN_DOCUMENTATION_COMMENTS = YES;
				CLANG_WARN_EMPTY_BODY = YES;
				CLANG_WARN_ENUM_CONVERSION = YES;
				CLANG_WARN_INFINITE_RECURSION = YES;
				CLANG_WARN_INT_CONVERSION = YES;
				CLANG_WARN_NON_LITERAL_NULL_CONVERSION = YES;
				CLANG_WARN_OBJC_IMPLICIT_RETAIN_SELF = YES;
				CLANG_WARN_OBJC_LITERAL_CONVERSION = YES;
				CLANG_WARN_OBJC_ROOT_CLASS = YES_ERROR;
				CLANG_WARN_QUOTED_INCLUDE_IN_FRAMEWORK_HEADER = YES;
				CLANG_WARN_RANGE_LOOP_ANALYSIS = YES;
				CLANG_WARN_STRICT_PROTOTYPES = YES;
				CLANG_WARN_SUSPICIOUS_MOVE = YES;
				CLANG_WARN_UNGUARDED_AVAILABILITY = YES_AGGRESSIVE;
				CLANG_WARN_UNREACHABLE_CODE = YES;
				CLANG_WARN__DUPLICATE_METHOD_MATCH = YES;
				COPY_PHASE_STRIP = NO;
				DEBUG_INFORMATION_FORMAT = dwarf;
				ENABLE_STRICT_OBJC_MSGSEND = YES;
				ENABLE_TESTABILITY = YES;
				GCC_C_LANGUAGE_STANDARD = gnu11;
				GCC_DYNAMIC_NO_PIC = NO;
				GCC_NO_COMMON_BLOCKS = YES;
				GCC_OPTIMIZATION_LEVEL = 0;
				GCC_PREPROCESSOR_DEFINITIONS = (
					"DEBUG=1",
					"$(inherited)",
				);
				GCC_WARN_64_TO_32_BIT_CONVERSION = YES;
				GCC_WARN_ABOUT_RETURN_TYPE = YES_ERROR;
				GCC_WARN_UNDECLARED_SELECTOR = YES;
				GCC_WARN_UNINITIALIZED_AUTOS = YES_AGGRESSIVE;
				GCC_WARN_UNUSED_FUNCTION = YES;
				GCC_WARN_UNUSED_VARIABLE = YES;
				IPHONEOS_DEPLOYMENT_TARGET = 15.5;
				MTL_ENABLE_DEBUG_INFO = INCLUDE_SOURCE;
				MTL_FAST_MATH = YES;
				ONLY_ACTIVE_ARCH = YES;
				SDKROOT = iphoneos;
				SWIFT_ACTIVE_COMPILATION_CONDITIONS = DEBUG;
				SWIFT_OPTIMIZATION_LEVEL = "-Onone";
			};
			name = Debug;
		};
		7F0A6EDE2875CF0900E3B57A /* Release */ = {
			isa = XCBuildConfiguration;
			buildSettings = {
				ALWAYS_SEARCH_USER_PATHS = NO;
				CLANG_ANALYZER_NONNULL = YES;
				CLANG_ANALYZER_NUMBER_OBJECT_CONVERSION = YES_AGGRESSIVE;
				CLANG_CXX_LANGUAGE_STANDARD = "gnu++17";
				CLANG_ENABLE_MODULES = YES;
				CLANG_ENABLE_OBJC_ARC = YES;
				CLANG_ENABLE_OBJC_WEAK = YES;
				CLANG_WARN_BLOCK_CAPTURE_AUTORELEASING = YES;
				CLANG_WARN_BOOL_CONVERSION = YES;
				CLANG_WARN_COMMA = YES;
				CLANG_WARN_CONSTANT_CONVERSION = YES;
				CLANG_WARN_DEPRECATED_OBJC_IMPLEMENTATIONS = YES;
				CLANG_WARN_DIRECT_OBJC_ISA_USAGE = YES_ERROR;
				CLANG_WARN_DOCUMENTATION_COMMENTS = YES;
				CLANG_WARN_EMPTY_BODY = YES;
				CLANG_WARN_ENUM_CONVERSION = YES;
				CLANG_WARN_INFINITE_RECURSION = YES;
				CLANG_WARN_INT_CONVERSION = YES;
				CLANG_WARN_NON_LITERAL_NULL_CONVERSION = YES;
				CLANG_WARN_OBJC_IMPLICIT_RETAIN_SELF = YES;
				CLANG_WARN_OBJC_LITERAL_CONVERSION = YES;
				CLANG_WARN_OBJC_ROOT_CLASS = YES_ERROR;
				CLANG_WARN_QUOTED_INCLUDE_IN_FRAMEWORK_HEADER = YES;
				CLANG_WARN_RANGE_LOOP_ANALYSIS = YES;
				CLANG_WARN_STRICT_PROTOTYPES = YES;
				CLANG_WARN_SUSPICIOUS_MOVE = YES;
				CLANG_WARN_UNGUARDED_AVAILABILITY = YES_AGGRESSIVE;
				CLANG_WARN_UNREACHABLE_CODE = YES;
				CLANG_WARN__DUPLICATE_METHOD_MATCH = YES;
				COPY_PHASE_STRIP = NO;
				DEBUG_INFORMATION_FORMAT = "dwarf-with-dsym";
				ENABLE_NS_ASSERTIONS = NO;
				ENABLE_STRICT_OBJC_MSGSEND = YES;
				GCC_C_LANGUAGE_STANDARD = gnu11;
				GCC_NO_COMMON_BLOCKS = YES;
				GCC_WARN_64_TO_32_BIT_CONVERSION = YES;
				GCC_WARN_ABOUT_RETURN_TYPE = YES_ERROR;
				GCC_WARN_UNDECLARED_SELECTOR = YES;
				GCC_WARN_UNINITIALIZED_AUTOS = YES_AGGRESSIVE;
				GCC_WARN_UNUSED_FUNCTION = YES;
				GCC_WARN_UNUSED_VARIABLE = YES;
				IPHONEOS_DEPLOYMENT_TARGET = 15.5;
				MTL_ENABLE_DEBUG_INFO = NO;
				MTL_FAST_MATH = YES;
				SDKROOT = iphoneos;
				SWIFT_COMPILATION_MODE = wholemodule;
				SWIFT_OPTIMIZATION_LEVEL = "-O";
				VALIDATE_PRODUCT = YES;
			};
			name = Release;
		};
		7F0A6EE02875CF0900E3B57A /* Debug */ = {
			isa = XCBuildConfiguration;
			buildSettings = {
				ASSETCATALOG_COMPILER_APPICON_NAME = AppIcon;
				ASSETCATALOG_COMPILER_GLOBAL_ACCENT_COLOR_NAME = AccentColor;
				CODE_SIGN_STYLE = Automatic;
				CURRENT_PROJECT_VERSION = 1;
				DEVELOPMENT_ASSET_PATHS = "\"MTGTracker/Preview Content\"";
				DEVELOPMENT_TEAM = WJ98LV64RN;
				ENABLE_PREVIEWS = YES;
				GENERATE_INFOPLIST_FILE = YES;
				INFOPLIST_KEY_UIApplicationSceneManifest_Generation = YES;
				INFOPLIST_KEY_UIApplicationSupportsIndirectInputEvents = YES;
				INFOPLIST_KEY_UILaunchScreen_Generation = YES;
				INFOPLIST_KEY_UISupportedInterfaceOrientations = UIInterfaceOrientationPortrait;
				INFOPLIST_KEY_UISupportedInterfaceOrientations_iPad = "UIInterfaceOrientationPortrait UIInterfaceOrientationPortraitUpsideDown UIInterfaceOrientationLandscapeLeft UIInterfaceOrientationLandscapeRight";
				INFOPLIST_KEY_UISupportedInterfaceOrientations_iPhone = "UIInterfaceOrientationPortrait UIInterfaceOrientationLandscapeLeft UIInterfaceOrientationLandscapeRight";
				LD_RUNPATH_SEARCH_PATHS = (
					"$(inherited)",
					"@executable_path/Frameworks",
				);
				MARKETING_VERSION = 1.0;
				PRODUCT_BUNDLE_IDENTIFIER = com.piritaminkkinen.MTGTracker;
				PRODUCT_NAME = "$(TARGET_NAME)";
				SWIFT_EMIT_LOC_STRINGS = YES;
				SWIFT_VERSION = 5.0;
				TARGETED_DEVICE_FAMILY = "1,2";
			};
			name = Debug;
		};
		7F0A6EE12875CF0900E3B57A /* Release */ = {
			isa = XCBuildConfiguration;
			buildSettings = {
				ASSETCATALOG_COMPILER_APPICON_NAME = AppIcon;
				ASSETCATALOG_COMPILER_GLOBAL_ACCENT_COLOR_NAME = AccentColor;
				CODE_SIGN_STYLE = Automatic;
				CURRENT_PROJECT_VERSION = 1;
				DEVELOPMENT_ASSET_PATHS = "\"MTGTracker/Preview Content\"";
				DEVELOPMENT_TEAM = WJ98LV64RN;
				ENABLE_PREVIEWS = YES;
				GENERATE_INFOPLIST_FILE = YES;
				INFOPLIST_KEY_UIApplicationSceneManifest_Generation = YES;
				INFOPLIST_KEY_UIApplicationSupportsIndirectInputEvents = YES;
				INFOPLIST_KEY_UILaunchScreen_Generation = YES;
				INFOPLIST_KEY_UISupportedInterfaceOrientations = UIInterfaceOrientationPortrait;
				INFOPLIST_KEY_UISupportedInterfaceOrientations_iPad = "UIInterfaceOrientationPortrait UIInterfaceOrientationPortraitUpsideDown UIInterfaceOrientationLandscapeLeft UIInterfaceOrientationLandscapeRight";
				INFOPLIST_KEY_UISupportedInterfaceOrientations_iPhone = "UIInterfaceOrientationPortrait UIInterfaceOrientationLandscapeLeft UIInterfaceOrientationLandscapeRight";
				LD_RUNPATH_SEARCH_PATHS = (
					"$(inherited)",
					"@executable_path/Frameworks",
				);
				MARKETING_VERSION = 1.0;
				PRODUCT_BUNDLE_IDENTIFIER = com.piritaminkkinen.MTGTracker;
				PRODUCT_NAME = "$(TARGET_NAME)";
				SWIFT_EMIT_LOC_STRINGS = YES;
				SWIFT_VERSION = 5.0;
				TARGETED_DEVICE_FAMILY = "1,2";
			};
			name = Release;
		};
/* End XCBuildConfiguration section */

/* Begin XCConfigurationList section */
		7F0A6ECC2875CF0700E3B57A /* Build configuration list for PBXProject "MTGTracker" */ = {
			isa = XCConfigurationList;
			buildConfigurations = (
				7F0A6EDD2875CF0900E3B57A /* Debug */,
				7F0A6EDE2875CF0900E3B57A /* Release */,
			);
			defaultConfigurationIsVisible = 0;
			defaultConfigurationName = Release;
		};
		7F0A6EDF2875CF0900E3B57A /* Build configuration list for PBXNativeTarget "MTGTracker" */ = {
			isa = XCConfigurationList;
			buildConfigurations = (
				7F0A6EE02875CF0900E3B57A /* Debug */,
				7F0A6EE12875CF0900E3B57A /* Release */,
			);
			defaultConfigurationIsVisible = 0;
			defaultConfigurationName = Release;
		};
/* End XCConfigurationList section */
	};
	rootObject = 7F0A6EC92875CF0700E3B57A /* Project object */;
}
